{
  "name": "veritrust-domain",
  "version": "1.0.0",
  "lockfileVersion": 3,
  "requires": true,
  "packages": {
    "": {
      "name": "veritrust-domain",
      "version": "1.0.0",
      "dependencies": {
        "busboy": "1.6.0",
        "tldts": "7.0.16"
      },
      "engines": {
        "node": ">=20"
      }
    },
    "node_modules/busboy": {
      "version": "1.6.0",
      "resolved": "https://registry.npmjs.org/busboy/-/busboy-1.6.0.tgz",
      "integrity": "sha512-8SFQbg/0hQ9xy3UNTB0YEnsNBbWfhf7RtnzpL7TkBiTBRfrQ9Fxcnz7VJsleJpyp6rVLvXiuORqjlHi5q+PYuA==",
      "dependencies": {
        "streamsearch": "^1.1.0"
      },
      "engines": {
        "node": ">=10.16.0"
      }
    },
    "node_modules/streamsearch": {
      "version": "1.1.0",
      "resolved": "https://registry.npmjs.org/streamsearch/-/streamsearch-1.1.0.tgz",
      "integrity": "sha512-Mcc5wHehp9aXz1ax6bZUyY5afg9u2rv5cqQI3mRrYkGC8rW2hM02jWuwjtL++LS5qinSyhj2QfLyNsuc+VsExg==",
      "engines": {
        "node": ">=10.0.0"
      }
    },
    "node_modules/tldts": {
      "version": "7.0.16",
      "resolved": "https://registry.npmjs.org/tldts/-/tldts-7.0.16.tgz",
      "integrity": "sha512-5bdPHSwbKTeHmXrgecID4Ljff8rQjv7g8zKQPkCozRo2HWWni+p310FSn5ImI+9kWw9kK4lzOB5q/a6iv0IJsw==",
      "license": "MIT",
      "dependencies": {
        "tldts-core": "^7.0.16"
      },
      "bin": {
        "tldts": "bin/cli.js"
      }
    },
    "node_modules/tldts-core": {
      "version": "7.4.8",
      "resolved": "https://registry.npmjs.org/tldts-core/-/tldts-core-7.4.8.tgz",
      "integrity": "sha512-c1P7u0EhACHj7lPy4MJm8iTFEU8+nB0LCtddH0fhP7noaVoXAqafMtOOeX+ulpuPBqnrRgRhw494RICT3mbhnw==",
      "license": "MIT"
    }
  }
}
